{
  "nodes": {
    "devshell": {
      "locked": {
        "lastModified": 1640301433,
        "narHash": "sha256-eplae8ZNiEmxbOgwUn9IihaJfEUxoUilkwciRPGskYE=",
        "owner": "numtide",
        "repo": "devshell",
        "rev": "f87fb932740abe1c1b46f6edd8a36ade17881666",
        "type": "github"
      },
      "original": {
        "owner": "numtide",
        "repo": "devshell",
        "type": "github"
      }
    },
    "nixCargoIntegration": {
      "inputs": {
        "devshell": "devshell",
        "nixpkgs": [
          "nixpkgs"
        ],
        "rustOverlay": "rustOverlay"
      },
      "locked": {
        "lastModified": 1641103821,
        "narHash": "sha256-BaIUY0kUsj4amdLGDnRGwU2QlSa63mJIzAU4yxVhdtQ=",
        "owner": "yusdacra",
        "repo": "nix-cargo-integration",
        "rev": "3d502d17201c7d9bd5be6fbe9b9c8ab9a7a769a9",
        "type": "github"
      },
      "original": {
        "owner": "yusdacra",
        "repo": "nix-cargo-integration",
        "type": "github"
      }
    },
    "nixpkgs": {
      "locked": {
        "lastModified": 1641076644,
        "narHash": "sha256-4x90qQM4wOfPAzdMnN1BnzVp7eO6wle+F5NmVkJ48qM=",
        "owner": "NixOS",
        "repo": "nixpkgs",
        "rev": "0fd74961da9fe2640ad2fbd960c3af08246e6749",
        "type": "github"
      },
      "original": {
        "owner": "NixOS",
        "ref": "nixpkgs-unstable",
        "repo": "nixpkgs",
        "type": "github"
      }
    },
    "root": {
      "inputs": {
        "nixCargoIntegration": "nixCargoIntegration",
        "nixpkgs": "nixpkgs"
      }
    },
    "rustOverlay": {
      "flake": false,
      "locked": {
        "lastModified": 1641091280,
        "narHash": "sha256-atemDjUQXazv/VQvEb7VC6JQ6oe2n7D2r/09qRsbthc=",
        "owner": "oxalica",
        "repo": "rust-overlay",
        "rev": "13b6bd69cd0ecf985fba18105a23464c5e76b24a",
        "type": "github"
      },
      "original": {
        "owner": "oxalica",
        "repo": "rust-overlay",
        "type": "github"
      }
    }
  },
  "root": "root",
  "version": 7
}
